{
  "version": 1,
  "dependencies": {
    ".NETCoreApp,Version=v3.1": {
      "Microsoft.CodeAnalysis.FxCopAnalyzers": {
        "type": "Direct",
        "requested": "[2.9.8, )",
        "resolved": "2.9.8",
        "contentHash": "FZhO7S+xinFrcRvPyIxPbFgY0Jg3X+KNkawhg7wwoVxnT/ySdoO162dyIMXfQQ6/qCmjNFHmTDXiNlpPNvKNyQ==",
        "dependencies": {
          "Microsoft.CodeAnalysis.VersionCheckAnalyzer": "[2.9.8]",
          "Microsoft.CodeQuality.Analyzers": "[2.9.8]",
          "Microsoft.NetCore.Analyzers": "[2.9.8]",
          "Microsoft.NetFramework.Analyzers": "[2.9.8]"
        }
      },
      "ReportGenerator": {
        "type": "Direct",
        "requested": "[4.4.7, )",
        "resolved": "4.4.7",
        "contentHash": "BeBhYLiegDf3b9sciY0BJZQEYi9L/vz3uNkcRF73sdMf5asN1gths+Mw4RNficPxn+snh1uR0E9vhYEq17iW+w=="
      },
      "StyleCop.Analyzers": {
        "type": "Direct",
        "requested": "[1.1.118, )",
        "resolved": "1.1.118",
        "contentHash": "Onx6ovGSqXSK07n/0eM3ZusiNdB6cIlJdabQhWGgJp3Vooy9AaLS/tigeybOJAobqbtggTamoWndz72JscZBvw=="
      },
      "Microsoft.CodeAnalysis.VersionCheckAnalyzer": {
        "type": "Transitive",
        "resolved": "2.9.8",
        "contentHash": "iSjqkECKpagJPjzc7sMjD6rQWSznVYqTfUZ96yR0r0jDzA45TymBof350tlOfGDRvn4OrU/KKJav21/oZDttrA=="
      },
      "Microsoft.CodeQuality.Analyzers": {
        "type": "Transitive",
        "resolved": "2.9.8",
        "contentHash": "KevAiJKuolGKK84jDHMVGJjBAigH/86xyCVtbOzh5avUYzW7jPErdJW708byKKMiVKTwv027mbKCNnnOgNQHsA=="
      },
      "Microsoft.NetCore.Analyzers": {
        "type": "Transitive",
        "resolved": "2.9.8",
        "contentHash": "zbGttCZ8T5wJiBDhgIaFWTrYa/X7zbCnQ76PEu/B4gb64KY+yB9gjkndsKWR+2TbOId76PN7WrSQAn+W7gr5jQ=="
      },
      "Microsoft.NetFramework.Analyzers": {
        "type": "Transitive",
        "resolved": "2.9.8",
        "contentHash": "8fZYJqeKBW5uuKBact26IeOBogchn5Km85klHqHneRY7Jxp+ERtrw8zJVumNFUVL68pIcf4uKPOY7zfBQ7eY3A=="
      }
    }
  }
}